
Microsoft Visual Studio Solution File, Format Version 12.00
# Visual Studio Version 16
VisualStudioVersion = 16.0.28729.10
MinimumVisualStudioVersion = 10.0.40219.1
Project("{FAE04EC0-301F-11D3-BF4B-00C04F79EFBC}") = "TechTestMVC", "TechTestMVC\TechTestMVC.csproj", "{94003A48-70AE-429B-B41E-269C32F07F51}"
EndProject
Global
	GlobalSection(SolutionConfigurationPlatforms) = preSolution
		Debug|Any CPU = Debug|Any CPU
		Release|Any CPU = Release|Any CPU
	EndGlobalSection
	GlobalSection(ProjectConfigurationPlatforms) = postSolution
		{94003A48-70AE-429B-B41E-269C32F07F51}.Debug|Any CPU.ActiveCfg = Debug|Any CPU
		{94003A48-70AE-429B-B41E-269C32F07F51}.Debug|Any CPU.Build.0 = Debug|Any CPU
		{94003A48-70AE-429B-B41E-269C32F07F51}.Release|Any CPU.ActiveCfg = Release|Any CPU
		{94003A48-70AE-429B-B41E-269C32F07F51}.Release|Any CPU.Build.0 = Release|Any CPU
	EndGlobalSection
	GlobalSection(SolutionProperties) = preSolution
		HideSolutionNode = FALSE
	EndGlobalSection
	GlobalSection(ExtensibilityGlobals) = postSolution
		SolutionGuid = {BE8AA1D9-2E82-41AC-ABF1-47AF417F17E9}
	EndGlobalSection
EndGlobal
